
Microsoft Visual Studio Solution File, Format Version 12.00
# Visual Studio Version 17
VisualStudioVersion = 17.3.32825.248
MinimumVisualStudioVersion = 10.0.40219.1
Project("{FAE04EC0-301F-11D3-BF4B-00C04F79EFBC}") = "Animal", "Animal\Animal.csproj", "{0F2BC5C7-D78A-4028-9580-AB95F3F00C33}"
EndProject
Project("{FAE04EC0-301F-11D3-BF4B-00C04F79EFBC}") = "Shapes", "Shapes\Shapes.csproj", "{05E2843A-A19B-4DBF-A2D6-CF90C24B0DBC}"
EndProject
Project("{FAE04EC0-301F-11D3-BF4B-00C04F79EFBC}") = "Vehicles", "Vehicles\Vehicles.csproj", "{84AFFDBD-A7D1-42D0-94CC-E42BB548C5BA}"
EndProject
Project("{FAE04EC0-301F-11D3-BF4B-00C04F79EFBC}") = "Raiding", "Raiding\Raiding.csproj", "{43BDCEC8-8EA9-474B-BC77-01A9038BF2C3}"
EndProject
Project("{FAE04EC0-301F-11D3-BF4B-00C04F79EFBC}") = "WildFarm", "WildFarm\WildFarm.csproj", "{8BBA5795-CCA9-4349-88D3-C87D19CB9654}"
EndProject
Global
	GlobalSection(SolutionConfigurationPlatforms) = preSolution
		Debug|Any CPU = Debug|Any CPU
		Release|Any CPU = Release|Any CPU
	EndGlobalSection
	GlobalSection(ProjectConfigurationPlatforms) = postSolution
		{0F2BC5C7-D78A-4028-9580-AB95F3F00C33}.Debug|Any CPU.ActiveCfg = Debug|Any CPU
		{0F2BC5C7-D78A-4028-9580-AB95F3F00C33}.Debug|Any CPU.Build.0 = Debug|Any CPU
		{0F2BC5C7-D78A-4028-9580-AB95F3F00C33}.Release|Any CPU.ActiveCfg = Release|Any CPU
		{0F2BC5C7-D78A-4028-9580-AB95F3F00C33}.Release|Any CPU.Build.0 = Release|Any CPU
		{05E2843A-A19B-4DBF-A2D6-CF90C24B0DBC}.Debug|Any CPU.ActiveCfg = Debug|Any CPU
		{05E2843A-A19B-4DBF-A2D6-CF90C24B0DBC}.Debug|Any CPU.Build.0 = Debug|Any CPU
		{05E2843A-A19B-4DBF-A2D6-CF90C24B0DBC}.Release|Any CPU.ActiveCfg = Release|Any CPU
		{05E2843A-A19B-4DBF-A2D6-CF90C24B0DBC}.Release|Any CPU.Build.0 = Release|Any CPU
		{84AFFDBD-A7D1-42D0-94CC-E42BB548C5BA}.Debug|Any CPU.ActiveCfg = Debug|Any CPU
		{84AFFDBD-A7D1-42D0-94CC-E42BB548C5BA}.Debug|Any CPU.Build.0 = Debug|Any CPU
		{84AFFDBD-A7D1-42D0-94CC-E42BB548C5BA}.Release|Any CPU.ActiveCfg = Release|Any CPU
		{84AFFDBD-A7D1-42D0-94CC-E42BB548C5BA}.Release|Any CPU.Build.0 = Release|Any CPU
		{43BDCEC8-8EA9-474B-BC77-01A9038BF2C3}.Debug|Any CPU.ActiveCfg = Debug|Any CPU
		{43BDCEC8-8EA9-474B-BC77-01A9038BF2C3}.Debug|Any CPU.Build.0 = Debug|Any CPU
		{43BDCEC8-8EA9-474B-BC77-01A9038BF2C3}.Release|Any CPU.ActiveCfg = Release|Any CPU
		{43BDCEC8-8EA9-474B-BC77-01A9038BF2C3}.Release|Any CPU.Build.0 = Release|Any CPU
		{8BBA5795-CCA9-4349-88D3-C87D19CB9654}.Debug|Any CPU.ActiveCfg = Debug|Any CPU
		{8BBA5795-CCA9-4349-88D3-C87D19CB9654}.Debug|Any CPU.Build.0 = Debug|Any CPU
		{8BBA5795-CCA9-4349-88D3-C87D19CB9654}.Release|Any CPU.ActiveCfg = Release|Any CPU
		{8BBA5795-CCA9-4349-88D3-C87D19CB9654}.Release|Any CPU.Build.0 = Release|Any CPU
	EndGlobalSection
	GlobalSection(SolutionProperties) = preSolution
		HideSolutionNode = FALSE
	EndGlobalSection
	GlobalSection(ExtensibilityGlobals) = postSolution
		SolutionGuid = {2D1BEB65-1BBB-447F-AF2B-AEDA81151489}
	EndGlobalSection
EndGlobal
