
Microsoft Visual Studio Solution File, Format Version 12.00
# Visual Studio Version 16
VisualStudioVersion = 16.0.32228.343
MinimumVisualStudioVersion = 10.0.40219.1
Project("{FAE04EC0-301F-11D3-BF4B-00C04F79EFBC}") = "Oscars", "Oscars.csproj", "{383AB8E3-5046-44D4-8472-77A0892B02EC}"
EndProject
Global
	GlobalSection(SolutionConfigurationPlatforms) = preSolution
		Debug|Any CPU = Debug|Any CPU
		Release|Any CPU = Release|Any CPU
	EndGlobalSection
	GlobalSection(ProjectConfigurationPlatforms) = postSolution
		{383AB8E3-5046-44D4-8472-77A0892B02EC}.Debug|Any CPU.ActiveCfg = Debug|Any CPU
		{383AB8E3-5046-44D4-8472-77A0892B02EC}.Debug|Any CPU.Build.0 = Debug|Any CPU
		{383AB8E3-5046-44D4-8472-77A0892B02EC}.Release|Any CPU.ActiveCfg = Release|Any CPU
		{383AB8E3-5046-44D4-8472-77A0892B02EC}.Release|Any CPU.Build.0 = Release|Any CPU
	EndGlobalSection
	GlobalSection(SolutionProperties) = preSolution
		HideSolutionNode = FALSE
	EndGlobalSection
	GlobalSection(ExtensibilityGlobals) = postSolution
		SolutionGuid = {1A57B788-51BC-4296-A315-B1D3E2CCCAA7}
	EndGlobalSection
EndGlobal
