
Microsoft Visual Studio Solution File, Format Version 12.00
# Visual Studio Version 16
VisualStudioVersion = 16.0.32228.343
MinimumVisualStudioVersion = 10.0.40219.1
Project("{FAE04EC0-301F-11D3-BF4B-00C04F79EFBC}") = "FourthExercises", "FourthExercises.csproj", "{C97EA7B8-CBE9-474B-931F-B0BD92FECB85}"
EndProject
Global
	GlobalSection(SolutionConfigurationPlatforms) = preSolution
		Debug|Any CPU = Debug|Any CPU
		Release|Any CPU = Release|Any CPU
	EndGlobalSection
	GlobalSection(ProjectConfigurationPlatforms) = postSolution
		{C97EA7B8-CBE9-474B-931F-B0BD92FECB85}.Debug|Any CPU.ActiveCfg = Debug|Any CPU
		{C97EA7B8-CBE9-474B-931F-B0BD92FECB85}.Debug|Any CPU.Build.0 = Debug|Any CPU
		{C97EA7B8-CBE9-474B-931F-B0BD92FECB85}.Release|Any CPU.ActiveCfg = Release|Any CPU
		{C97EA7B8-CBE9-474B-931F-B0BD92FECB85}.Release|Any CPU.Build.0 = Release|Any CPU
	EndGlobalSection
	GlobalSection(SolutionProperties) = preSolution
		HideSolutionNode = FALSE
	EndGlobalSection
	GlobalSection(ExtensibilityGlobals) = postSolution
		SolutionGuid = {1B20F82E-B2A0-4077-B3F6-7199D74E3693}
	EndGlobalSection
EndGlobal
