
Microsoft Visual Studio Solution File, Format Version 12.00
# Visual Studio Version 16
VisualStudioVersion = 16.0.32228.343
MinimumVisualStudioVersion = 10.0.40219.1
Project("{FAE04EC0-301F-11D3-BF4B-00C04F79EFBC}") = "FishingBoat", "FishingBoat.csproj", "{5581A250-F1C2-4A65-9051-70679524D994}"
EndProject
Global
	GlobalSection(SolutionConfigurationPlatforms) = preSolution
		Debug|Any CPU = Debug|Any CPU
		Release|Any CPU = Release|Any CPU
	EndGlobalSection
	GlobalSection(ProjectConfigurationPlatforms) = postSolution
		{5581A250-F1C2-4A65-9051-70679524D994}.Debug|Any CPU.ActiveCfg = Debug|Any CPU
		{5581A250-F1C2-4A65-9051-70679524D994}.Debug|Any CPU.Build.0 = Debug|Any CPU
		{5581A250-F1C2-4A65-9051-70679524D994}.Release|Any CPU.ActiveCfg = Release|Any CPU
		{5581A250-F1C2-4A65-9051-70679524D994}.Release|Any CPU.Build.0 = Release|Any CPU
	EndGlobalSection
	GlobalSection(SolutionProperties) = preSolution
		HideSolutionNode = FALSE
	EndGlobalSection
	GlobalSection(ExtensibilityGlobals) = postSolution
		SolutionGuid = {FE12E7F0-6F9A-409F-8215-8B3CA3483E85}
	EndGlobalSection
EndGlobal
