
Microsoft Visual Studio Solution File, Format Version 12.00
# Visual Studio Version 17
VisualStudioVersion = 17.3.32825.248
MinimumVisualStudioVersion = 10.0.40219.1
Project("{FAE04EC0-301F-11D3-BF4B-00C04F79EFBC}") = "Demo", "Demo\Demo.csproj", "{3C62B769-B9FA-4F5F-A474-5BDB3566C3F0}"
EndProject
Project("{FAE04EC0-301F-11D3-BF4B-00C04F79EFBC}") = "01.TheFightOfGondor", "01. Scheduling\01.TheFightOfGondor.csproj", "{7EE3DD46-4655-400C-932F-6578E6960E84}"
EndProject
Project("{FAE04EC0-301F-11D3-BF4B-00C04F79EFBC}") = "01.Flower Wreaths", "01.Flower Wreaths\01.Flower Wreaths.csproj", "{E8351EA3-4472-4F9E-B222-5C517C95F810}"
EndProject
Project("{FAE04EC0-301F-11D3-BF4B-00C04F79EFBC}") = "02.Bee", "02.Bee\02.Bee.csproj", "{74D20C66-810B-444F-AB48-CCBDEB96A58C}"
EndProject
Project("{FAE04EC0-301F-11D3-BF4B-00C04F79EFBC}") = "02.Bee_SecondTry", "02.Bee_SecondTry\02.Bee_SecondTry.csproj", "{EE693671-C74A-4F83-8320-2A3ED03F4F0A}"
EndProject
Global
	GlobalSection(SolutionConfigurationPlatforms) = preSolution
		Debug|Any CPU = Debug|Any CPU
		Release|Any CPU = Release|Any CPU
	EndGlobalSection
	GlobalSection(ProjectConfigurationPlatforms) = postSolution
		{3C62B769-B9FA-4F5F-A474-5BDB3566C3F0}.Debug|Any CPU.ActiveCfg = Debug|Any CPU
		{3C62B769-B9FA-4F5F-A474-5BDB3566C3F0}.Debug|Any CPU.Build.0 = Debug|Any CPU
		{3C62B769-B9FA-4F5F-A474-5BDB3566C3F0}.Release|Any CPU.ActiveCfg = Release|Any CPU
		{3C62B769-B9FA-4F5F-A474-5BDB3566C3F0}.Release|Any CPU.Build.0 = Release|Any CPU
		{7EE3DD46-4655-400C-932F-6578E6960E84}.Debug|Any CPU.ActiveCfg = Debug|Any CPU
		{7EE3DD46-4655-400C-932F-6578E6960E84}.Debug|Any CPU.Build.0 = Debug|Any CPU
		{7EE3DD46-4655-400C-932F-6578E6960E84}.Release|Any CPU.ActiveCfg = Release|Any CPU
		{7EE3DD46-4655-400C-932F-6578E6960E84}.Release|Any CPU.Build.0 = Release|Any CPU
		{E8351EA3-4472-4F9E-B222-5C517C95F810}.Debug|Any CPU.ActiveCfg = Debug|Any CPU
		{E8351EA3-4472-4F9E-B222-5C517C95F810}.Debug|Any CPU.Build.0 = Debug|Any CPU
		{E8351EA3-4472-4F9E-B222-5C517C95F810}.Release|Any CPU.ActiveCfg = Release|Any CPU
		{E8351EA3-4472-4F9E-B222-5C517C95F810}.Release|Any CPU.Build.0 = Release|Any CPU
		{74D20C66-810B-444F-AB48-CCBDEB96A58C}.Debug|Any CPU.ActiveCfg = Debug|Any CPU
		{74D20C66-810B-444F-AB48-CCBDEB96A58C}.Debug|Any CPU.Build.0 = Debug|Any CPU
		{74D20C66-810B-444F-AB48-CCBDEB96A58C}.Release|Any CPU.ActiveCfg = Release|Any CPU
		{74D20C66-810B-444F-AB48-CCBDEB96A58C}.Release|Any CPU.Build.0 = Release|Any CPU
		{EE693671-C74A-4F83-8320-2A3ED03F4F0A}.Debug|Any CPU.ActiveCfg = Debug|Any CPU
		{EE693671-C74A-4F83-8320-2A3ED03F4F0A}.Debug|Any CPU.Build.0 = Debug|Any CPU
		{EE693671-C74A-4F83-8320-2A3ED03F4F0A}.Release|Any CPU.ActiveCfg = Release|Any CPU
		{EE693671-C74A-4F83-8320-2A3ED03F4F0A}.Release|Any CPU.Build.0 = Release|Any CPU
	EndGlobalSection
	GlobalSection(SolutionProperties) = preSolution
		HideSolutionNode = FALSE
	EndGlobalSection
	GlobalSection(ExtensibilityGlobals) = postSolution
		SolutionGuid = {1C10CBC7-D720-4F65-BAE7-FFDA14F7E600}
	EndGlobalSection
EndGlobal
