
Microsoft Visual Studio Solution File, Format Version 12.00
# Visual Studio Version 16
VisualStudioVersion = 16.0.32228.343
MinimumVisualStudioVersion = 10.0.40219.1
Project("{9A19103F-16F7-4668-BE54-9A1E7A4F7556}") = "01. Sum Adjacent Equal Numbers", "01. Sum Adjacent Equal Numbers\01. Sum Adjacent Equal Numbers.csproj", "{731EC480-1206-4765-8DBF-9403C036260F}"
EndProject
Project("{9A19103F-16F7-4668-BE54-9A1E7A4F7556}") = "02. Gauss' Trick", "02. Gauss' Trick\02. Gauss' Trick.csproj", "{7F1C7455-15F1-4587-8E4A-F226741F7B3C}"
EndProject
Project("{9A19103F-16F7-4668-BE54-9A1E7A4F7556}") = "03. Merging Lists", "03. Merging Lists\03. Merging Lists.csproj", "{E56570F5-C5F2-45FD-B52C-3CE748E42BCE}"
EndProject
Project("{FAE04EC0-301F-11D3-BF4B-00C04F79EFBC}") = "04. List of Products", "04. List of Products\04. List of Products.csproj", "{AEB0E733-6CC4-4612-9CD2-32F20CF59227}"
EndProject
Project("{FAE04EC0-301F-11D3-BF4B-00C04F79EFBC}") = "05. Remove Negatives and Reverse", "05. Remove Negatives and Reverse\05. Remove Negatives and Reverse.csproj", "{29C4114F-36DF-4490-884E-59E1E827E2B9}"
EndProject
Project("{FAE04EC0-301F-11D3-BF4B-00C04F79EFBC}") = "06. List Manipulation Basics", "06. List Manipulation Basics\06. List Manipulation Basics.csproj", "{34F6F9BB-7496-4A0F-A566-1785E36B8EE9}"
EndProject
Project("{FAE04EC0-301F-11D3-BF4B-00C04F79EFBC}") = "07. List Manipulation Advanced", "07. List Manipulation Advanced\07. List Manipulation Advanced.csproj", "{90F5EB55-FA14-4D84-9C46-1629AC77DA9A}"
EndProject
Global
	GlobalSection(SolutionConfigurationPlatforms) = preSolution
		Debug|Any CPU = Debug|Any CPU
		Release|Any CPU = Release|Any CPU
	EndGlobalSection
	GlobalSection(ProjectConfigurationPlatforms) = postSolution
		{731EC480-1206-4765-8DBF-9403C036260F}.Debug|Any CPU.ActiveCfg = Debug|Any CPU
		{731EC480-1206-4765-8DBF-9403C036260F}.Debug|Any CPU.Build.0 = Debug|Any CPU
		{731EC480-1206-4765-8DBF-9403C036260F}.Release|Any CPU.ActiveCfg = Release|Any CPU
		{731EC480-1206-4765-8DBF-9403C036260F}.Release|Any CPU.Build.0 = Release|Any CPU
		{7F1C7455-15F1-4587-8E4A-F226741F7B3C}.Debug|Any CPU.ActiveCfg = Debug|Any CPU
		{7F1C7455-15F1-4587-8E4A-F226741F7B3C}.Debug|Any CPU.Build.0 = Debug|Any CPU
		{7F1C7455-15F1-4587-8E4A-F226741F7B3C}.Release|Any CPU.ActiveCfg = Release|Any CPU
		{7F1C7455-15F1-4587-8E4A-F226741F7B3C}.Release|Any CPU.Build.0 = Release|Any CPU
		{E56570F5-C5F2-45FD-B52C-3CE748E42BCE}.Debug|Any CPU.ActiveCfg = Debug|Any CPU
		{E56570F5-C5F2-45FD-B52C-3CE748E42BCE}.Debug|Any CPU.Build.0 = Debug|Any CPU
		{E56570F5-C5F2-45FD-B52C-3CE748E42BCE}.Release|Any CPU.ActiveCfg = Release|Any CPU
		{E56570F5-C5F2-45FD-B52C-3CE748E42BCE}.Release|Any CPU.Build.0 = Release|Any CPU
		{AEB0E733-6CC4-4612-9CD2-32F20CF59227}.Debug|Any CPU.ActiveCfg = Debug|Any CPU
		{AEB0E733-6CC4-4612-9CD2-32F20CF59227}.Debug|Any CPU.Build.0 = Debug|Any CPU
		{AEB0E733-6CC4-4612-9CD2-32F20CF59227}.Release|Any CPU.ActiveCfg = Release|Any CPU
		{AEB0E733-6CC4-4612-9CD2-32F20CF59227}.Release|Any CPU.Build.0 = Release|Any CPU
		{29C4114F-36DF-4490-884E-59E1E827E2B9}.Debug|Any CPU.ActiveCfg = Debug|Any CPU
		{29C4114F-36DF-4490-884E-59E1E827E2B9}.Debug|Any CPU.Build.0 = Debug|Any CPU
		{29C4114F-36DF-4490-884E-59E1E827E2B9}.Release|Any CPU.ActiveCfg = Release|Any CPU
		{29C4114F-36DF-4490-884E-59E1E827E2B9}.Release|Any CPU.Build.0 = Release|Any CPU
		{34F6F9BB-7496-4A0F-A566-1785E36B8EE9}.Debug|Any CPU.ActiveCfg = Debug|Any CPU
		{34F6F9BB-7496-4A0F-A566-1785E36B8EE9}.Debug|Any CPU.Build.0 = Debug|Any CPU
		{34F6F9BB-7496-4A0F-A566-1785E36B8EE9}.Release|Any CPU.ActiveCfg = Release|Any CPU
		{34F6F9BB-7496-4A0F-A566-1785E36B8EE9}.Release|Any CPU.Build.0 = Release|Any CPU
		{90F5EB55-FA14-4D84-9C46-1629AC77DA9A}.Debug|Any CPU.ActiveCfg = Debug|Any CPU
		{90F5EB55-FA14-4D84-9C46-1629AC77DA9A}.Debug|Any CPU.Build.0 = Debug|Any CPU
		{90F5EB55-FA14-4D84-9C46-1629AC77DA9A}.Release|Any CPU.ActiveCfg = Release|Any CPU
		{90F5EB55-FA14-4D84-9C46-1629AC77DA9A}.Release|Any CPU.Build.0 = Release|Any CPU
	EndGlobalSection
	GlobalSection(SolutionProperties) = preSolution
		HideSolutionNode = FALSE
	EndGlobalSection
	GlobalSection(ExtensibilityGlobals) = postSolution
		SolutionGuid = {0856E785-B02A-4392-8317-C09C09A5EC49}
	EndGlobalSection
EndGlobal
