
Microsoft Visual Studio Solution File, Format Version 12.00
# Visual Studio Version 17
VisualStudioVersion = 17.2.32616.157
MinimumVisualStudioVersion = 10.0.40219.1
Project("{FAE04EC0-301F-11D3-BF4B-00C04F79EFBC}") = "Imitation Game", "Imitation Game\Imitation Game.csproj", "{61B314D7-A470-48A6-AD5D-814B047A0AED}"
EndProject
Project("{FAE04EC0-301F-11D3-BF4B-00C04F79EFBC}") = "World Tour", "World Tour\World Tour.csproj", "{B51CF12E-627A-4B9E-B176-D812579FE34C}"
EndProject
Global
	GlobalSection(SolutionConfigurationPlatforms) = preSolution
		Debug|Any CPU = Debug|Any CPU
		Release|Any CPU = Release|Any CPU
	EndGlobalSection
	GlobalSection(ProjectConfigurationPlatforms) = postSolution
		{61B314D7-A470-48A6-AD5D-814B047A0AED}.Debug|Any CPU.ActiveCfg = Debug|Any CPU
		{61B314D7-A470-48A6-AD5D-814B047A0AED}.Debug|Any CPU.Build.0 = Debug|Any CPU
		{61B314D7-A470-48A6-AD5D-814B047A0AED}.Release|Any CPU.ActiveCfg = Release|Any CPU
		{61B314D7-A470-48A6-AD5D-814B047A0AED}.Release|Any CPU.Build.0 = Release|Any CPU
		{B51CF12E-627A-4B9E-B176-D812579FE34C}.Debug|Any CPU.ActiveCfg = Debug|Any CPU
		{B51CF12E-627A-4B9E-B176-D812579FE34C}.Debug|Any CPU.Build.0 = Debug|Any CPU
		{B51CF12E-627A-4B9E-B176-D812579FE34C}.Release|Any CPU.ActiveCfg = Release|Any CPU
		{B51CF12E-627A-4B9E-B176-D812579FE34C}.Release|Any CPU.Build.0 = Release|Any CPU
	EndGlobalSection
	GlobalSection(SolutionProperties) = preSolution
		HideSolutionNode = FALSE
	EndGlobalSection
	GlobalSection(ExtensibilityGlobals) = postSolution
		SolutionGuid = {58DB4406-5E1E-4849-8700-58BC11473F39}
	EndGlobalSection
EndGlobal
