
Microsoft Visual Studio Solution File, Format Version 12.00
# Visual Studio Version 16
VisualStudioVersion = 16.0.32228.343
MinimumVisualStudioVersion = 10.0.40219.1
Project("{FAE04EC0-301F-11D3-BF4B-00C04F79EFBC}") = "CinemaTicket", "CinemaTicket.csproj", "{387C4604-AAB6-4B0D-8CAC-57816617F032}"
EndProject
Global
	GlobalSection(SolutionConfigurationPlatforms) = preSolution
		Debug|Any CPU = Debug|Any CPU
		Release|Any CPU = Release|Any CPU
	EndGlobalSection
	GlobalSection(ProjectConfigurationPlatforms) = postSolution
		{387C4604-AAB6-4B0D-8CAC-57816617F032}.Debug|Any CPU.ActiveCfg = Debug|Any CPU
		{387C4604-AAB6-4B0D-8CAC-57816617F032}.Debug|Any CPU.Build.0 = Debug|Any CPU
		{387C4604-AAB6-4B0D-8CAC-57816617F032}.Release|Any CPU.ActiveCfg = Release|Any CPU
		{387C4604-AAB6-4B0D-8CAC-57816617F032}.Release|Any CPU.Build.0 = Release|Any CPU
	EndGlobalSection
	GlobalSection(SolutionProperties) = preSolution
		HideSolutionNode = FALSE
	EndGlobalSection
	GlobalSection(ExtensibilityGlobals) = postSolution
		SolutionGuid = {82DE1402-951F-4E54-B97C-FEF10F19300B}
	EndGlobalSection
EndGlobal
