
Microsoft Visual Studio Solution File, Format Version 12.00
# Visual Studio Version 16
VisualStudioVersion = 16.0.32228.343
MinimumVisualStudioVersion = 10.0.40219.1
Project("{FAE04EC0-301F-11D3-BF4B-00C04F79EFBC}") = "ExamPreparing", "ExamPreparing.csproj", "{EA898FBD-4744-4BE5-BF2E-B27ACC8001C6}"
EndProject
Global
	GlobalSection(SolutionConfigurationPlatforms) = preSolution
		Debug|Any CPU = Debug|Any CPU
		Release|Any CPU = Release|Any CPU
	EndGlobalSection
	GlobalSection(ProjectConfigurationPlatforms) = postSolution
		{EA898FBD-4744-4BE5-BF2E-B27ACC8001C6}.Debug|Any CPU.ActiveCfg = Debug|Any CPU
		{EA898FBD-4744-4BE5-BF2E-B27ACC8001C6}.Debug|Any CPU.Build.0 = Debug|Any CPU
		{EA898FBD-4744-4BE5-BF2E-B27ACC8001C6}.Release|Any CPU.ActiveCfg = Release|Any CPU
		{EA898FBD-4744-4BE5-BF2E-B27ACC8001C6}.Release|Any CPU.Build.0 = Release|Any CPU
	EndGlobalSection
	GlobalSection(SolutionProperties) = preSolution
		HideSolutionNode = FALSE
	EndGlobalSection
	GlobalSection(ExtensibilityGlobals) = postSolution
		SolutionGuid = {06F44AAE-C48A-46AB-AF70-902486FAA079}
	EndGlobalSection
EndGlobal
