
Microsoft Visual Studio Solution File, Format Version 12.00
# Visual Studio Version 16
VisualStudioVersion = 16.0.32228.343
MinimumVisualStudioVersion = 10.0.40219.1
Project("{FAE04EC0-301F-11D3-BF4B-00C04F79EFBC}") = "SecondLesson", "SecondLesson.csproj", "{6E823B7F-4705-4029-9ACE-30566DD25551}"
EndProject
Global
	GlobalSection(SolutionConfigurationPlatforms) = preSolution
		Debug|Any CPU = Debug|Any CPU
		Release|Any CPU = Release|Any CPU
	EndGlobalSection
	GlobalSection(ProjectConfigurationPlatforms) = postSolution
		{6E823B7F-4705-4029-9ACE-30566DD25551}.Debug|Any CPU.ActiveCfg = Debug|Any CPU
		{6E823B7F-4705-4029-9ACE-30566DD25551}.Debug|Any CPU.Build.0 = Debug|Any CPU
		{6E823B7F-4705-4029-9ACE-30566DD25551}.Release|Any CPU.ActiveCfg = Release|Any CPU
		{6E823B7F-4705-4029-9ACE-30566DD25551}.Release|Any CPU.Build.0 = Release|Any CPU
	EndGlobalSection
	GlobalSection(SolutionProperties) = preSolution
		HideSolutionNode = FALSE
	EndGlobalSection
	GlobalSection(ExtensibilityGlobals) = postSolution
		SolutionGuid = {218DE490-5C97-4FBA-9841-F8C425D27FFE}
	EndGlobalSection
EndGlobal
