
Microsoft Visual Studio Solution File, Format Version 12.00
# Visual Studio Version 16
VisualStudioVersion = 16.0.32228.343
MinimumVisualStudioVersion = 10.0.40219.1
Project("{FAE04EC0-301F-11D3-BF4B-00C04F79EFBC}") = "01.FirstProblem", "01.FirstProblem\01.FirstProblem.csproj", "{0E1CF38D-552A-4150-9540-3F4FA6F3BF18}"
EndProject
Project("{FAE04EC0-301F-11D3-BF4B-00C04F79EFBC}") = "02.Second", "02.Second\02.Second.csproj", "{D8939635-168E-4516-AB72-291DF6EC9907}"
EndProject
Project("{FAE04EC0-301F-11D3-BF4B-00C04F79EFBC}") = "Demo", "Demo\Demo.csproj", "{D8468419-C72B-41BC-8A87-E1A49C79F7F8}"
EndProject
Project("{FAE04EC0-301F-11D3-BF4B-00C04F79EFBC}") = "03.Third", "03.Third\03.Third.csproj", "{1F71C148-C49E-4714-B755-50CF4A46AADF}"
EndProject
Global
	GlobalSection(SolutionConfigurationPlatforms) = preSolution
		Debug|Any CPU = Debug|Any CPU
		Release|Any CPU = Release|Any CPU
	EndGlobalSection
	GlobalSection(ProjectConfigurationPlatforms) = postSolution
		{0E1CF38D-552A-4150-9540-3F4FA6F3BF18}.Debug|Any CPU.ActiveCfg = Debug|Any CPU
		{0E1CF38D-552A-4150-9540-3F4FA6F3BF18}.Debug|Any CPU.Build.0 = Debug|Any CPU
		{0E1CF38D-552A-4150-9540-3F4FA6F3BF18}.Release|Any CPU.ActiveCfg = Release|Any CPU
		{0E1CF38D-552A-4150-9540-3F4FA6F3BF18}.Release|Any CPU.Build.0 = Release|Any CPU
		{D8939635-168E-4516-AB72-291DF6EC9907}.Debug|Any CPU.ActiveCfg = Debug|Any CPU
		{D8939635-168E-4516-AB72-291DF6EC9907}.Debug|Any CPU.Build.0 = Debug|Any CPU
		{D8939635-168E-4516-AB72-291DF6EC9907}.Release|Any CPU.ActiveCfg = Release|Any CPU
		{D8939635-168E-4516-AB72-291DF6EC9907}.Release|Any CPU.Build.0 = Release|Any CPU
		{D8468419-C72B-41BC-8A87-E1A49C79F7F8}.Debug|Any CPU.ActiveCfg = Debug|Any CPU
		{D8468419-C72B-41BC-8A87-E1A49C79F7F8}.Debug|Any CPU.Build.0 = Debug|Any CPU
		{D8468419-C72B-41BC-8A87-E1A49C79F7F8}.Release|Any CPU.ActiveCfg = Release|Any CPU
		{D8468419-C72B-41BC-8A87-E1A49C79F7F8}.Release|Any CPU.Build.0 = Release|Any CPU
		{1F71C148-C49E-4714-B755-50CF4A46AADF}.Debug|Any CPU.ActiveCfg = Debug|Any CPU
		{1F71C148-C49E-4714-B755-50CF4A46AADF}.Debug|Any CPU.Build.0 = Debug|Any CPU
		{1F71C148-C49E-4714-B755-50CF4A46AADF}.Release|Any CPU.ActiveCfg = Release|Any CPU
		{1F71C148-C49E-4714-B755-50CF4A46AADF}.Release|Any CPU.Build.0 = Release|Any CPU
	EndGlobalSection
	GlobalSection(SolutionProperties) = preSolution
		HideSolutionNode = FALSE
	EndGlobalSection
	GlobalSection(ExtensibilityGlobals) = postSolution
		SolutionGuid = {FED79DAE-7B34-4F0D-96B4-15206C8F9627}
	EndGlobalSection
EndGlobal
