
Microsoft Visual Studio Solution File, Format Version 12.00
# Visual Studio Version 16
VisualStudioVersion = 16.0.32228.343
MinimumVisualStudioVersion = 10.0.40219.1
Project("{9A19103F-16F7-4668-BE54-9A1E7A4F7556}") = "FirstProjectCoding", "FirstProjectCoding\FirstProjectCoding.csproj", "{6AAF4847-69F6-4D57-ADB5-F5BEBB9B3084}"
EndProject
Project("{2150E333-8FDC-42A3-9474-1A3956D46DE8}") = "Excersice01", "Excersice01", "{E80BD0D4-511B-4AE2-9D27-F84FE877DA7B}"
EndProject
Project("{FAE04EC0-301F-11D3-BF4B-00C04F79EFBC}") = "P01_ShopingDelivery_Project", "Excersice01\Excersices01\Excersices01\P01_ShopingDelivery_Project\P01_ShopingDelivery_Project.csproj", "{9461CA1A-9B02-472E-8B63-53972516C0EF}"
EndProject
Project("{FAE04EC0-301F-11D3-BF4B-00C04F79EFBC}") = "Aquarium_Project", "Excersice01\Excersices01\Excersices01\P01_BasketballEquipment_Project\Aquarium_Project.csproj", "{E51F73D2-1F83-44A2-9B55-633419681BEE}"
EndProject
Project("{FAE04EC0-301F-11D3-BF4B-00C04F79EFBC}") = "P01_BasketballEquipment_Project", "Excersice01\Excersices01\Excersices01\P01_BasketballEquipment_Project\P01_BasketballEquipment_Project\P01_BasketballEquipment_Project.csproj", "{05453521-8B48-44DA-B88B-B1B0CC1C33E6}"
EndProject
Global
	GlobalSection(SolutionConfigurationPlatforms) = preSolution
		Debug|Any CPU = Debug|Any CPU
		Release|Any CPU = Release|Any CPU
	EndGlobalSection
	GlobalSection(ProjectConfigurationPlatforms) = postSolution
		{6AAF4847-69F6-4D57-ADB5-F5BEBB9B3084}.Debug|Any CPU.ActiveCfg = Debug|Any CPU
		{6AAF4847-69F6-4D57-ADB5-F5BEBB9B3084}.Debug|Any CPU.Build.0 = Debug|Any CPU
		{6AAF4847-69F6-4D57-ADB5-F5BEBB9B3084}.Release|Any CPU.ActiveCfg = Release|Any CPU
		{6AAF4847-69F6-4D57-ADB5-F5BEBB9B3084}.Release|Any CPU.Build.0 = Release|Any CPU
		{9461CA1A-9B02-472E-8B63-53972516C0EF}.Debug|Any CPU.ActiveCfg = Debug|Any CPU
		{9461CA1A-9B02-472E-8B63-53972516C0EF}.Debug|Any CPU.Build.0 = Debug|Any CPU
		{9461CA1A-9B02-472E-8B63-53972516C0EF}.Release|Any CPU.ActiveCfg = Release|Any CPU
		{9461CA1A-9B02-472E-8B63-53972516C0EF}.Release|Any CPU.Build.0 = Release|Any CPU
		{E51F73D2-1F83-44A2-9B55-633419681BEE}.Debug|Any CPU.ActiveCfg = Debug|Any CPU
		{E51F73D2-1F83-44A2-9B55-633419681BEE}.Debug|Any CPU.Build.0 = Debug|Any CPU
		{E51F73D2-1F83-44A2-9B55-633419681BEE}.Release|Any CPU.ActiveCfg = Release|Any CPU
		{E51F73D2-1F83-44A2-9B55-633419681BEE}.Release|Any CPU.Build.0 = Release|Any CPU
		{05453521-8B48-44DA-B88B-B1B0CC1C33E6}.Debug|Any CPU.ActiveCfg = Debug|Any CPU
		{05453521-8B48-44DA-B88B-B1B0CC1C33E6}.Debug|Any CPU.Build.0 = Debug|Any CPU
		{05453521-8B48-44DA-B88B-B1B0CC1C33E6}.Release|Any CPU.ActiveCfg = Release|Any CPU
		{05453521-8B48-44DA-B88B-B1B0CC1C33E6}.Release|Any CPU.Build.0 = Release|Any CPU
	EndGlobalSection
	GlobalSection(SolutionProperties) = preSolution
		HideSolutionNode = FALSE
	EndGlobalSection
	GlobalSection(NestedProjects) = preSolution
		{9461CA1A-9B02-472E-8B63-53972516C0EF} = {E80BD0D4-511B-4AE2-9D27-F84FE877DA7B}
		{E51F73D2-1F83-44A2-9B55-633419681BEE} = {E80BD0D4-511B-4AE2-9D27-F84FE877DA7B}
		{05453521-8B48-44DA-B88B-B1B0CC1C33E6} = {E80BD0D4-511B-4AE2-9D27-F84FE877DA7B}
	EndGlobalSection
	GlobalSection(ExtensibilityGlobals) = postSolution
		SolutionGuid = {572AC890-85B7-4A32-8A39-5C7F7C2D470F}
	EndGlobalSection
EndGlobal
